
Microsoft Visual Studio Solution File, Format Version 12.00
# Visual Studio Version 17
VisualStudioVersion = 17.7.34031.279
MinimumVisualStudioVersion = 10.0.40219.1
Project("{FAE04EC0-301F-11D3-BF4B-00C04F79EFBC}") = "C# Lab1Final", "C# Lab1Final\C# Lab1Final.csproj", "{37F32DA9-8023-418B-89EC-9747AC26F6B9}"
EndProject
Global
	GlobalSection(SolutionConfigurationPlatforms) = preSolution
		Debug|Any CPU = Debug|Any CPU
		Release|Any CPU = Release|Any CPU
	EndGlobalSection
	GlobalSection(ProjectConfigurationPlatforms) = postSolution
		{37F32DA9-8023-418B-89EC-9747AC26F6B9}.Debug|Any CPU.ActiveCfg = Debug|Any CPU
		{37F32DA9-8023-418B-89EC-9747AC26F6B9}.Debug|Any CPU.Build.0 = Debug|Any CPU
		{37F32DA9-8023-418B-89EC-9747AC26F6B9}.Release|Any CPU.ActiveCfg = Release|Any CPU
		{37F32DA9-8023-418B-89EC-9747AC26F6B9}.Release|Any CPU.Build.0 = Release|Any CPU
	EndGlobalSection
	GlobalSection(SolutionProperties) = preSolution
		HideSolutionNode = FALSE
	EndGlobalSection
	GlobalSection(ExtensibilityGlobals) = postSolution
		SolutionGuid = {DE40C64D-E577-478D-84D7-31B82111EB25}
	EndGlobalSection
EndGlobal
